
Microsoft Visual Studio Solution File, Format Version 12.00
# Visual Studio Version 16
VisualStudioVersion = 16.0.29503.13
MinimumVisualStudioVersion = 10.0.40219.1
Project("{9A19103F-16F7-4668-BE54-9A1E7A4F7556}") = "StudyAPI", "StudyAPI.csproj", "{2BC401B8-BB4C-4713-B00E-D781728547CE}"
EndProject
Global
	GlobalSection(SolutionConfigurationPlatforms) = preSolution
		Debug|Any CPU = Debug|Any CPU
		Release|Any CPU = Release|Any CPU
	EndGlobalSection
	GlobalSection(ProjectConfigurationPlatforms) = postSolution
		{2BC401B8-BB4C-4713-B00E-D781728547CE}.Debug|Any CPU.ActiveCfg = Debug|Any CPU
		{2BC401B8-BB4C-4713-B00E-D781728547CE}.Debug|Any CPU.Build.0 = Debug|Any CPU
		{2BC401B8-BB4C-4713-B00E-D781728547CE}.Release|Any CPU.ActiveCfg = Release|Any CPU
		{2BC401B8-BB4C-4713-B00E-D781728547CE}.Release|Any CPU.Build.0 = Release|Any CPU
	EndGlobalSection
	GlobalSection(SolutionProperties) = preSolution
		HideSolutionNode = FALSE
	EndGlobalSection
	GlobalSection(ExtensibilityGlobals) = postSolution
		SolutionGuid = {28B37770-4D64-4292-8A7E-CFA23E46575C}
	EndGlobalSection
EndGlobal
